
Microsoft Visual Studio Solution File, Format Version 12.00
# Visual Studio Version 17
VisualStudioVersion = 17.9.34616.47
MinimumVisualStudioVersion = 10.0.40219.1
Project("{888888A0-9F3D-457C-B088-3A5042F75D52}") = "assigment_5_Ci", "assigment_5_Ci\assigment_5_Ci.pyproj", "{7AD1AAA4-DB7E-4415-92C0-31F83C024E74}"
EndProject
Global
	GlobalSection(SolutionConfigurationPlatforms) = preSolution
		Debug|Any CPU = Debug|Any CPU
		Release|Any CPU = Release|Any CPU
	EndGlobalSection
	GlobalSection(ProjectConfigurationPlatforms) = postSolution
		{7AD1AAA4-DB7E-4415-92C0-31F83C024E74}.Debug|Any CPU.ActiveCfg = Debug|Any CPU
		{7AD1AAA4-DB7E-4415-92C0-31F83C024E74}.Release|Any CPU.ActiveCfg = Release|Any CPU
	EndGlobalSection
	GlobalSection(SolutionProperties) = preSolution
		HideSolutionNode = FALSE
	EndGlobalSection
	GlobalSection(ExtensibilityGlobals) = postSolution
		SolutionGuid = {5F46E3C1-932E-4805-A0AE-B35FEAC27E8E}
	EndGlobalSection
EndGlobal
